
Microsoft Visual Studio Solution File, Format Version 12.00
# Visual Studio Version 17
VisualStudioVersion = 17.14.36518.9 d17.14
MinimumVisualStudioVersion = 10.0.40219.1
Project("{FAE04EC0-301F-11D3-BF4B-00C04F79EFBC}") = "QRprueba2", "QRprueba2\QRprueba2.csproj", "{F04198EE-0550-4406-B9C7-88FBA5C9E42B}"
EndProject
Global
	GlobalSection(SolutionConfigurationPlatforms) = preSolution
		Debug|Any CPU = Debug|Any CPU
		Release|Any CPU = Release|Any CPU
	EndGlobalSection
	GlobalSection(ProjectConfigurationPlatforms) = postSolution
		{F04198EE-0550-4406-B9C7-88FBA5C9E42B}.Debug|Any CPU.ActiveCfg = Debug|Any CPU
		{F04198EE-0550-4406-B9C7-88FBA5C9E42B}.Debug|Any CPU.Build.0 = Debug|Any CPU
		{F04198EE-0550-4406-B9C7-88FBA5C9E42B}.Release|Any CPU.ActiveCfg = Release|Any CPU
		{F04198EE-0550-4406-B9C7-88FBA5C9E42B}.Release|Any CPU.Build.0 = Release|Any CPU
	EndGlobalSection
	GlobalSection(SolutionProperties) = preSolution
		HideSolutionNode = FALSE
	EndGlobalSection
	GlobalSection(ExtensibilityGlobals) = postSolution
		SolutionGuid = {3108F7D8-F8AF-44E9-802C-0015EC52B7F1}
	EndGlobalSection
EndGlobal
